
Microsoft Visual Studio Solution File, Format Version 12.00
Project("{FAE04EC0-301F-11D3-BF4B-00C04F79EFBC}") = "UserEventProcessor", "UserEventProcessor\UserEventProcessor.csproj", "{C263CF52-768A-4F35-A148-42BBBF9B729C}"
EndProject
Project("{FAE04EC0-301F-11D3-BF4B-00C04F79EFBC}") = "UserEventProcessor.Tests", "UserEventProcessor.Tests\UserEventProcessor.Tests.csproj", "{CF6DD534-26BD-4C48-9CD2-941FEB3FEC8B}"
EndProject
Global
	GlobalSection(SolutionConfigurationPlatforms) = preSolution
		Debug|Any CPU = Debug|Any CPU
		Debug|x64 = Debug|x64
		Debug|x86 = Debug|x86
		Release|Any CPU = Release|Any CPU
		Release|x64 = Release|x64
		Release|x86 = Release|x86
	EndGlobalSection
	GlobalSection(ProjectConfigurationPlatforms) = postSolution
		{C263CF52-768A-4F35-A148-42BBBF9B729C}.Debug|Any CPU.ActiveCfg = Debug|Any CPU
		{C263CF52-768A-4F35-A148-42BBBF9B729C}.Debug|Any CPU.Build.0 = Debug|Any CPU
		{C263CF52-768A-4F35-A148-42BBBF9B729C}.Debug|x64.ActiveCfg = Debug|Any CPU
		{C263CF52-768A-4F35-A148-42BBBF9B729C}.Debug|x64.Build.0 = Debug|Any CPU
		{C263CF52-768A-4F35-A148-42BBBF9B729C}.Debug|x86.ActiveCfg = Debug|Any CPU
		{C263CF52-768A-4F35-A148-42BBBF9B729C}.Debug|x86.Build.0 = Debug|Any CPU
		{C263CF52-768A-4F35-A148-42BBBF9B729C}.Release|Any CPU.ActiveCfg = Release|Any CPU
		{C263CF52-768A-4F35-A148-42BBBF9B729C}.Release|Any CPU.Build.0 = Release|Any CPU
		{C263CF52-768A-4F35-A148-42BBBF9B729C}.Release|x64.ActiveCfg = Release|Any CPU
		{C263CF52-768A-4F35-A148-42BBBF9B729C}.Release|x64.Build.0 = Release|Any CPU
		{C263CF52-768A-4F35-A148-42BBBF9B729C}.Release|x86.ActiveCfg = Release|Any CPU
		{C263CF52-768A-4F35-A148-42BBBF9B729C}.Release|x86.Build.0 = Release|Any CPU
		{CF6DD534-26BD-4C48-9CD2-941FEB3FEC8B}.Debug|Any CPU.ActiveCfg = Debug|Any CPU
		{CF6DD534-26BD-4C48-9CD2-941FEB3FEC8B}.Debug|Any CPU.Build.0 = Debug|Any CPU
		{CF6DD534-26BD-4C48-9CD2-941FEB3FEC8B}.Debug|x64.ActiveCfg = Debug|Any CPU
		{CF6DD534-26BD-4C48-9CD2-941FEB3FEC8B}.Debug|x64.Build.0 = Debug|Any CPU
		{CF6DD534-26BD-4C48-9CD2-941FEB3FEC8B}.Debug|x86.ActiveCfg = Debug|Any CPU
		{CF6DD534-26BD-4C48-9CD2-941FEB3FEC8B}.Debug|x86.Build.0 = Debug|Any CPU
		{CF6DD534-26BD-4C48-9CD2-941FEB3FEC8B}.Release|Any CPU.ActiveCfg = Release|Any CPU
		{CF6DD534-26BD-4C48-9CD2-941FEB3FEC8B}.Release|Any CPU.Build.0 = Release|Any CPU
		{CF6DD534-26BD-4C48-9CD2-941FEB3FEC8B}.Release|x64.ActiveCfg = Release|Any CPU
		{CF6DD534-26BD-4C48-9CD2-941FEB3FEC8B}.Release|x64.Build.0 = Release|Any CPU
		{CF6DD534-26BD-4C48-9CD2-941FEB3FEC8B}.Release|x86.ActiveCfg = Release|Any CPU
		{CF6DD534-26BD-4C48-9CD2-941FEB3FEC8B}.Release|x86.Build.0 = Release|Any CPU
	EndGlobalSection
	GlobalSection(SolutionProperties) = preSolution
		HideSolutionNode = FALSE
	EndGlobalSection
EndGlobal
